
Microsoft Visual Studio Solution File, Format Version 12.00
# Visual Studio 2013
VisualStudioVersion = 12.0.31101.0
MinimumVisualStudioVersion = 10.0.40219.1
Project("{8BC9CEB8-8B4A-11D0-8D11-00A0C91BC942}") = "drd", "drd.vcxproj", "{0CB5DF36-9E61-4AAD-B5A3-E1E9DFA0897E}"
EndProject
Project("{2150E333-8FDC-42A3-9474-1A3956D46DE8}") = "examples", "examples", "{5F3EA41B-9031-4AAF-AD7D-5497A82D33B8}"
EndProject
Project("{8BC9CEB8-8B4A-11D0-8D11-00A0C91BC942}") = "cpp_turtle", "cpp_turtle.vcxproj", "{80121DC8-DC8F-424D-B02E-3A41F5A7A2B2}"
EndProject
Project("{8BC9CEB8-8B4A-11D0-8D11-00A0C91BC942}") = "random_rect", "random_rect.vcxproj", "{A9C94FA9-D889-4068-8B09-B1FD96DD959D}"
EndProject
Project("{8BC9CEB8-8B4A-11D0-8D11-00A0C91BC942}") = "pixel_draw", "pixel_draw.vcxproj", "{294B3728-FC35-4399-8D42-5D308A8F1A6A}"
EndProject
Project("{8BC9CEB8-8B4A-11D0-8D11-00A0C91BC942}") = "mandelbrot", "mandelbrot.vcxproj", "{E23B166B-4692-4BFC-A6A2-4A976D2B51CD}"
EndProject
Project("{8BC9CEB8-8B4A-11D0-8D11-00A0C91BC942}") = "pixel_fullwindow_color", "pixel_fullwindow_color.vcxproj", "{BD2569EA-3D35-4241-8DC0-18CD3EDD3A11}"
EndProject
Project("{8BC9CEB8-8B4A-11D0-8D11-00A0C91BC942}") = "gdi_pong", "gdi_pong.vcxproj", "{E87D29F5-5760-4726-9FB3-FDEC1F0AA82F}"
EndProject
Project("{8BC9CEB8-8B4A-11D0-8D11-00A0C91BC942}") = "pixels_sinus", "pixels_sinus.vcxproj", "{EE86A39B-13B5-4625-A433-3BCB770B88DE}"
EndProject
Project("{8BC9CEB8-8B4A-11D0-8D11-00A0C91BC942}") = "gdi_random_lines", "gdi_random_lines.vcxproj", "{2B698397-02AA-4F07-9BCD-5412F2EF96A5}"
EndProject
Project("{8BC9CEB8-8B4A-11D0-8D11-00A0C91BC942}") = "console_text_gdi", "console_text_gdi.vcxproj", "{F3DD198E-9DAC-43FC-9BE1-D7F00C7397DD}"
EndProject
Project("{8BC9CEB8-8B4A-11D0-8D11-00A0C91BC942}") = "sound_buttons", "sound_buttons.vcxproj", "{25669B64-F62B-4DDE-AAB6-89986B33BF8D}"
EndProject
Project("{8BC9CEB8-8B4A-11D0-8D11-00A0C91BC942}") = "img_move", "img_move.vcxproj", "{DA215FC5-B555-43F4-AD8B-45BF10B7CC0D}"
EndProject
Project("{8BC9CEB8-8B4A-11D0-8D11-00A0C91BC942}") = "anim_img", "anim_img.vcxproj", "{5A4B49A6-AD8A-411C-800F-11F951009B25}"
EndProject
Project("{8BC9CEB8-8B4A-11D0-8D11-00A0C91BC942}") = "img_simple", "img_simple.vcxproj", "{2DB76A21-FA37-432A-ACF1-CFE246AA91F4}"
EndProject
Project("{8BC9CEB8-8B4A-11D0-8D11-00A0C91BC942}") = "cpp_opengl", "cpp_opengl.vcxproj", "{266736DF-6FB1-4DA5-A659-170225343029}"
EndProject
Global
	GlobalSection(SolutionConfigurationPlatforms) = preSolution
		Debug|Win32 = Debug|Win32
		Release|Win32 = Release|Win32
	EndGlobalSection
	GlobalSection(ProjectConfigurationPlatforms) = postSolution
		{0CB5DF36-9E61-4AAD-B5A3-E1E9DFA0897E}.Debug|Win32.ActiveCfg = Debug|Win32
		{0CB5DF36-9E61-4AAD-B5A3-E1E9DFA0897E}.Debug|Win32.Build.0 = Debug|Win32
		{0CB5DF36-9E61-4AAD-B5A3-E1E9DFA0897E}.Release|Win32.ActiveCfg = Release|Win32
		{0CB5DF36-9E61-4AAD-B5A3-E1E9DFA0897E}.Release|Win32.Build.0 = Release|Win32
		{80121DC8-DC8F-424D-B02E-3A41F5A7A2B2}.Debug|Win32.ActiveCfg = Debug|Win32
		{80121DC8-DC8F-424D-B02E-3A41F5A7A2B2}.Debug|Win32.Build.0 = Debug|Win32
		{80121DC8-DC8F-424D-B02E-3A41F5A7A2B2}.Release|Win32.ActiveCfg = Release|Win32
		{80121DC8-DC8F-424D-B02E-3A41F5A7A2B2}.Release|Win32.Build.0 = Release|Win32
		{A9C94FA9-D889-4068-8B09-B1FD96DD959D}.Debug|Win32.ActiveCfg = Debug|Win32
		{A9C94FA9-D889-4068-8B09-B1FD96DD959D}.Debug|Win32.Build.0 = Debug|Win32
		{A9C94FA9-D889-4068-8B09-B1FD96DD959D}.Release|Win32.ActiveCfg = Release|Win32
		{A9C94FA9-D889-4068-8B09-B1FD96DD959D}.Release|Win32.Build.0 = Release|Win32
		{294B3728-FC35-4399-8D42-5D308A8F1A6A}.Debug|Win32.ActiveCfg = Debug|Win32
		{294B3728-FC35-4399-8D42-5D308A8F1A6A}.Debug|Win32.Build.0 = Debug|Win32
		{294B3728-FC35-4399-8D42-5D308A8F1A6A}.Release|Win32.ActiveCfg = Release|Win32
		{294B3728-FC35-4399-8D42-5D308A8F1A6A}.Release|Win32.Build.0 = Release|Win32
		{E23B166B-4692-4BFC-A6A2-4A976D2B51CD}.Debug|Win32.ActiveCfg = Debug|Win32
		{E23B166B-4692-4BFC-A6A2-4A976D2B51CD}.Debug|Win32.Build.0 = Debug|Win32
		{E23B166B-4692-4BFC-A6A2-4A976D2B51CD}.Release|Win32.ActiveCfg = Release|Win32
		{E23B166B-4692-4BFC-A6A2-4A976D2B51CD}.Release|Win32.Build.0 = Release|Win32
		{BD2569EA-3D35-4241-8DC0-18CD3EDD3A11}.Debug|Win32.ActiveCfg = Debug|Win32
		{BD2569EA-3D35-4241-8DC0-18CD3EDD3A11}.Debug|Win32.Build.0 = Debug|Win32
		{BD2569EA-3D35-4241-8DC0-18CD3EDD3A11}.Release|Win32.ActiveCfg = Release|Win32
		{BD2569EA-3D35-4241-8DC0-18CD3EDD3A11}.Release|Win32.Build.0 = Release|Win32
		{E87D29F5-5760-4726-9FB3-FDEC1F0AA82F}.Debug|Win32.ActiveCfg = Debug|Win32
		{E87D29F5-5760-4726-9FB3-FDEC1F0AA82F}.Debug|Win32.Build.0 = Debug|Win32
		{E87D29F5-5760-4726-9FB3-FDEC1F0AA82F}.Release|Win32.ActiveCfg = Release|Win32
		{E87D29F5-5760-4726-9FB3-FDEC1F0AA82F}.Release|Win32.Build.0 = Release|Win32
		{EE86A39B-13B5-4625-A433-3BCB770B88DE}.Debug|Win32.ActiveCfg = Debug|Win32
		{EE86A39B-13B5-4625-A433-3BCB770B88DE}.Debug|Win32.Build.0 = Debug|Win32
		{EE86A39B-13B5-4625-A433-3BCB770B88DE}.Release|Win32.ActiveCfg = Release|Win32
		{EE86A39B-13B5-4625-A433-3BCB770B88DE}.Release|Win32.Build.0 = Release|Win32
		{2B698397-02AA-4F07-9BCD-5412F2EF96A5}.Debug|Win32.ActiveCfg = Debug|Win32
		{2B698397-02AA-4F07-9BCD-5412F2EF96A5}.Debug|Win32.Build.0 = Debug|Win32
		{2B698397-02AA-4F07-9BCD-5412F2EF96A5}.Release|Win32.ActiveCfg = Release|Win32
		{2B698397-02AA-4F07-9BCD-5412F2EF96A5}.Release|Win32.Build.0 = Release|Win32
		{F3DD198E-9DAC-43FC-9BE1-D7F00C7397DD}.Debug|Win32.ActiveCfg = Debug|Win32
		{F3DD198E-9DAC-43FC-9BE1-D7F00C7397DD}.Debug|Win32.Build.0 = Debug|Win32
		{F3DD198E-9DAC-43FC-9BE1-D7F00C7397DD}.Release|Win32.ActiveCfg = Release|Win32
		{F3DD198E-9DAC-43FC-9BE1-D7F00C7397DD}.Release|Win32.Build.0 = Release|Win32
		{25669B64-F62B-4DDE-AAB6-89986B33BF8D}.Debug|Win32.ActiveCfg = Debug|Win32
		{25669B64-F62B-4DDE-AAB6-89986B33BF8D}.Debug|Win32.Build.0 = Debug|Win32
		{25669B64-F62B-4DDE-AAB6-89986B33BF8D}.Release|Win32.ActiveCfg = Release|Win32
		{25669B64-F62B-4DDE-AAB6-89986B33BF8D}.Release|Win32.Build.0 = Release|Win32
		{DA215FC5-B555-43F4-AD8B-45BF10B7CC0D}.Debug|Win32.ActiveCfg = Debug|Win32
		{DA215FC5-B555-43F4-AD8B-45BF10B7CC0D}.Debug|Win32.Build.0 = Debug|Win32
		{DA215FC5-B555-43F4-AD8B-45BF10B7CC0D}.Release|Win32.ActiveCfg = Release|Win32
		{DA215FC5-B555-43F4-AD8B-45BF10B7CC0D}.Release|Win32.Build.0 = Release|Win32
		{5A4B49A6-AD8A-411C-800F-11F951009B25}.Debug|Win32.ActiveCfg = Debug|Win32
		{5A4B49A6-AD8A-411C-800F-11F951009B25}.Debug|Win32.Build.0 = Debug|Win32
		{5A4B49A6-AD8A-411C-800F-11F951009B25}.Release|Win32.ActiveCfg = Release|Win32
		{5A4B49A6-AD8A-411C-800F-11F951009B25}.Release|Win32.Build.0 = Release|Win32
		{2DB76A21-FA37-432A-ACF1-CFE246AA91F4}.Debug|Win32.ActiveCfg = Debug|Win32
		{2DB76A21-FA37-432A-ACF1-CFE246AA91F4}.Debug|Win32.Build.0 = Debug|Win32
		{2DB76A21-FA37-432A-ACF1-CFE246AA91F4}.Release|Win32.ActiveCfg = Release|Win32
		{2DB76A21-FA37-432A-ACF1-CFE246AA91F4}.Release|Win32.Build.0 = Release|Win32
		{266736DF-6FB1-4DA5-A659-170225343029}.Debug|Win32.ActiveCfg = Debug|Win32
		{266736DF-6FB1-4DA5-A659-170225343029}.Debug|Win32.Build.0 = Debug|Win32
		{266736DF-6FB1-4DA5-A659-170225343029}.Release|Win32.ActiveCfg = Release|Win32
		{266736DF-6FB1-4DA5-A659-170225343029}.Release|Win32.Build.0 = Release|Win32
	EndGlobalSection
	GlobalSection(SolutionProperties) = preSolution
		HideSolutionNode = FALSE
	EndGlobalSection
	GlobalSection(NestedProjects) = preSolution
		{80121DC8-DC8F-424D-B02E-3A41F5A7A2B2} = {5F3EA41B-9031-4AAF-AD7D-5497A82D33B8}
		{A9C94FA9-D889-4068-8B09-B1FD96DD959D} = {5F3EA41B-9031-4AAF-AD7D-5497A82D33B8}
		{294B3728-FC35-4399-8D42-5D308A8F1A6A} = {5F3EA41B-9031-4AAF-AD7D-5497A82D33B8}
		{E23B166B-4692-4BFC-A6A2-4A976D2B51CD} = {5F3EA41B-9031-4AAF-AD7D-5497A82D33B8}
		{BD2569EA-3D35-4241-8DC0-18CD3EDD3A11} = {5F3EA41B-9031-4AAF-AD7D-5497A82D33B8}
		{E87D29F5-5760-4726-9FB3-FDEC1F0AA82F} = {5F3EA41B-9031-4AAF-AD7D-5497A82D33B8}
		{EE86A39B-13B5-4625-A433-3BCB770B88DE} = {5F3EA41B-9031-4AAF-AD7D-5497A82D33B8}
		{2B698397-02AA-4F07-9BCD-5412F2EF96A5} = {5F3EA41B-9031-4AAF-AD7D-5497A82D33B8}
		{F3DD198E-9DAC-43FC-9BE1-D7F00C7397DD} = {5F3EA41B-9031-4AAF-AD7D-5497A82D33B8}
		{25669B64-F62B-4DDE-AAB6-89986B33BF8D} = {5F3EA41B-9031-4AAF-AD7D-5497A82D33B8}
		{DA215FC5-B555-43F4-AD8B-45BF10B7CC0D} = {5F3EA41B-9031-4AAF-AD7D-5497A82D33B8}
		{5A4B49A6-AD8A-411C-800F-11F951009B25} = {5F3EA41B-9031-4AAF-AD7D-5497A82D33B8}
		{2DB76A21-FA37-432A-ACF1-CFE246AA91F4} = {5F3EA41B-9031-4AAF-AD7D-5497A82D33B8}
		{266736DF-6FB1-4DA5-A659-170225343029} = {5F3EA41B-9031-4AAF-AD7D-5497A82D33B8}
	EndGlobalSection
EndGlobal
