<?xml version="1.0" encoding="utf-8"?>
<Project ToolsVersion="4.0" xmlns="http://schemas.microsoft.com/developer/msbuild/2003">
  <ItemGroup>
    <ClCompile Include="pixel_collision_detection.cpp" />
  </ItemGroup>
  <ItemGroup>
    <Text Include="pixel_collision_detection.readme.txt" />
  </ItemGroup>
  <ItemGroup>
    <ResourceCompile Include="pixel_collision_detection.rc" />
  </ItemGroup>
</Project>